{
  "name": "Javascript-Playground",
  "lockfileVersion": 3,
  "requires": true,
  "packages": {
    "": {
      "dependencies": {
        "enable": "^3.4.0"
      }
    },
    "node_modules/enable": {
      "version": "3.4.0",
      "resolved": "https://registry.npmjs.org/enable/-/enable-3.4.0.tgz",
      "integrity": "sha512-+mhelctStbkdRf+9v1HR2DZnan+VUjDgadi39WwDDS3hGfhVhYU01gNoDhiZFgsP2Q4vfRdRq5bAk4H3CT6oWw==",
      "engines": {
        "node": ">= 0.10.0"
      }
    }
  }
}
